
Microsoft Visual Studio Solution File, Format Version 12.00
# Visual Studio 14
VisualStudioVersion = 14.0.25123.0
MinimumVisualStudioVersion = 10.0.40219.1
Project("{FAE04EC0-301F-11D3-BF4B-00C04F79EFBC}") = "Assignment4 - List", "Assignment4\Assignment4 - List.csproj", "{7B11E9B4-6DD7-4A66-91B0-FAAFC0BB7561}"
EndProject
Project("{FAE04EC0-301F-11D3-BF4B-00C04F79EFBC}") = "Assignment5 - Trees", "Assignment5\Assignment5 - Trees.csproj", "{32360FD5-BE25-4769-8F5F-50277B9303B7}"
EndProject
Project("{FAE04EC0-301F-11D3-BF4B-00C04F79EFBC}") = "Assignment6 - Graph", "Assignment6\Assignment6 - Graph.csproj", "{DDF5FCC8-BC69-41EE-9AAB-BF9E4A7922D8}"
EndProject
Project("{FAE04EC0-301F-11D3-BF4B-00C04F79EFBC}") = "Assignment7 - Hashtable", "Assignment7\Assignment7 - Hashtable.csproj", "{EA78B4C4-6B12-4491-9211-E254691520E3}"
EndProject
Project("{FAE04EC0-301F-11D3-BF4B-00C04F79EFBC}") = "Assignment8 - Components", "Assignment8\Assignment8 - Components.csproj", "{BF0A2589-8486-4C01-8A9E-A7BD8F8147BB}"
EndProject
Project("{FAE04EC0-301F-11D3-BF4B-00C04F79EFBC}") = "Assignment9 - Heaps", "Assignment9\Assignment9 - Heaps.csproj", "{34760AD3-EE61-4E40-BF56-9CC4BF020B15}"
EndProject
Project("{888888A0-9F3D-457C-B088-3A5042F75D52}") = "Assignment1", "Assignment1\Assignment1.pyproj", "{EE1D6D1D-0150-4677-9862-3E8D36C1FE10}"
EndProject
Project("{888888A0-9F3D-457C-B088-3A5042F75D52}") = "Assignment2", "Assignment2\Assignment2.pyproj", "{F6EF53A2-A329-41B8-B03D-2E32D066AFD5}"
EndProject
Global
	GlobalSection(SolutionConfigurationPlatforms) = preSolution
		Debug|Any CPU = Debug|Any CPU
		Release|Any CPU = Release|Any CPU
	EndGlobalSection
	GlobalSection(ProjectConfigurationPlatforms) = postSolution
		{7B11E9B4-6DD7-4A66-91B0-FAAFC0BB7561}.Debug|Any CPU.ActiveCfg = Debug|Any CPU
		{7B11E9B4-6DD7-4A66-91B0-FAAFC0BB7561}.Debug|Any CPU.Build.0 = Debug|Any CPU
		{7B11E9B4-6DD7-4A66-91B0-FAAFC0BB7561}.Release|Any CPU.ActiveCfg = Release|Any CPU
		{7B11E9B4-6DD7-4A66-91B0-FAAFC0BB7561}.Release|Any CPU.Build.0 = Release|Any CPU
		{32360FD5-BE25-4769-8F5F-50277B9303B7}.Debug|Any CPU.ActiveCfg = Debug|Any CPU
		{32360FD5-BE25-4769-8F5F-50277B9303B7}.Debug|Any CPU.Build.0 = Debug|Any CPU
		{32360FD5-BE25-4769-8F5F-50277B9303B7}.Release|Any CPU.ActiveCfg = Release|Any CPU
		{32360FD5-BE25-4769-8F5F-50277B9303B7}.Release|Any CPU.Build.0 = Release|Any CPU
		{DDF5FCC8-BC69-41EE-9AAB-BF9E4A7922D8}.Debug|Any CPU.ActiveCfg = Debug|Any CPU
		{DDF5FCC8-BC69-41EE-9AAB-BF9E4A7922D8}.Debug|Any CPU.Build.0 = Debug|Any CPU
		{DDF5FCC8-BC69-41EE-9AAB-BF9E4A7922D8}.Release|Any CPU.ActiveCfg = Release|Any CPU
		{DDF5FCC8-BC69-41EE-9AAB-BF9E4A7922D8}.Release|Any CPU.Build.0 = Release|Any CPU
		{EA78B4C4-6B12-4491-9211-E254691520E3}.Debug|Any CPU.ActiveCfg = Debug|Any CPU
		{EA78B4C4-6B12-4491-9211-E254691520E3}.Debug|Any CPU.Build.0 = Debug|Any CPU
		{EA78B4C4-6B12-4491-9211-E254691520E3}.Release|Any CPU.ActiveCfg = Release|Any CPU
		{EA78B4C4-6B12-4491-9211-E254691520E3}.Release|Any CPU.Build.0 = Release|Any CPU
		{BF0A2589-8486-4C01-8A9E-A7BD8F8147BB}.Debug|Any CPU.ActiveCfg = Debug|Any CPU
		{BF0A2589-8486-4C01-8A9E-A7BD8F8147BB}.Debug|Any CPU.Build.0 = Debug|Any CPU
		{BF0A2589-8486-4C01-8A9E-A7BD8F8147BB}.Release|Any CPU.ActiveCfg = Release|Any CPU
		{BF0A2589-8486-4C01-8A9E-A7BD8F8147BB}.Release|Any CPU.Build.0 = Release|Any CPU
		{34760AD3-EE61-4E40-BF56-9CC4BF020B15}.Debug|Any CPU.ActiveCfg = Debug|Any CPU
		{34760AD3-EE61-4E40-BF56-9CC4BF020B15}.Debug|Any CPU.Build.0 = Debug|Any CPU
		{34760AD3-EE61-4E40-BF56-9CC4BF020B15}.Release|Any CPU.ActiveCfg = Release|Any CPU
		{34760AD3-EE61-4E40-BF56-9CC4BF020B15}.Release|Any CPU.Build.0 = Release|Any CPU
		{EE1D6D1D-0150-4677-9862-3E8D36C1FE10}.Debug|Any CPU.ActiveCfg = Debug|Any CPU
		{EE1D6D1D-0150-4677-9862-3E8D36C1FE10}.Release|Any CPU.ActiveCfg = Release|Any CPU
		{F6EF53A2-A329-41B8-B03D-2E32D066AFD5}.Debug|Any CPU.ActiveCfg = Debug|Any CPU
		{F6EF53A2-A329-41B8-B03D-2E32D066AFD5}.Release|Any CPU.ActiveCfg = Release|Any CPU
	EndGlobalSection
	GlobalSection(SolutionProperties) = preSolution
		HideSolutionNode = FALSE
	EndGlobalSection
EndGlobal
